
Microsoft Visual Studio Solution File, Format Version 12.00
# Visual Studio Version 17
VisualStudioVersion = 17.14.36705.20 d17.14
MinimumVisualStudioVersion = 10.0.40219.1
Project("{FAE04EC0-301F-11D3-BF4B-00C04F79EFBC}") = "MVC_Project", "MVC_Project.csproj", "{3D214F93-0942-44C6-B9BB-BBA868D3E85D}"
EndProject
Global
	GlobalSection(SolutionConfigurationPlatforms) = preSolution
		Debug|Any CPU = Debug|Any CPU
		Release|Any CPU = Release|Any CPU
	EndGlobalSection
	GlobalSection(ProjectConfigurationPlatforms) = postSolution
		{3D214F93-0942-44C6-B9BB-BBA868D3E85D}.Debug|Any CPU.ActiveCfg = Debug|Any CPU
		{3D214F93-0942-44C6-B9BB-BBA868D3E85D}.Debug|Any CPU.Build.0 = Debug|Any CPU
		{3D214F93-0942-44C6-B9BB-BBA868D3E85D}.Release|Any CPU.ActiveCfg = Release|Any CPU
		{3D214F93-0942-44C6-B9BB-BBA868D3E85D}.Release|Any CPU.Build.0 = Release|Any CPU
	EndGlobalSection
	GlobalSection(SolutionProperties) = preSolution
		HideSolutionNode = FALSE
	EndGlobalSection
	GlobalSection(ExtensibilityGlobals) = postSolution
		SolutionGuid = {EA767849-4E22-4150-80BC-D5541329C9D4}
	EndGlobalSection
EndGlobal
